
Microsoft Visual Studio Solution File, Format Version 12.00
# Visual Studio 2013
VisualStudioVersion = 12.0.30501.0
MinimumVisualStudioVersion = 10.0.40219.1
Project("{2150E333-8FDC-42A3-9474-1A3956D46DE8}") = "Engine", "Engine", "{387785FE-B37F-4E10-92BE-779EBA720077}"
EndProject
Project("{2150E333-8FDC-42A3-9474-1A3956D46DE8}") = "Web Site", "Web Site", "{F1C93401-7927-4C1E-95CB-E8EB200F4697}"
EndProject
Project("{2150E333-8FDC-42A3-9474-1A3956D46DE8}") = "Library", "Library", "{81A535AB-3BBE-42F7-9239-07C0EA385295}"
	ProjectSection(SolutionItems) = preProject
		Library\FarsiLibrary.Resources.dll = Library\FarsiLibrary.Resources.dll
		Library\FarsiLibrary.Utils.dll = Library\FarsiLibrary.Utils.dll
		Library\FredCK.FCKeditorV2.dll = Library\FredCK.FCKeditorV2.dll
	EndProjectSection
EndProject
Project("{FAE04EC0-301F-11D3-BF4B-00C04F79EFBC}") = "WebSite", "Web\WebSite.csproj", "{89B3B448-05C5-49A0-ABC3-95B127968D63}"
EndProject
Project("{F184B08F-C81C-45F6-A57F-5ABD9991F28F}") = "DBController", "DBController\DBController.vbproj", "{A24162B6-54BB-4C4F-B385-2852DC388560}"
EndProject
Project("{FAE04EC0-301F-11D3-BF4B-00C04F79EFBC}") = "Common", "Common\Common.csproj", "{82E004D1-05A4-4A4B-9917-8F91EA47B879}"
EndProject
Project("{FAE04EC0-301F-11D3-BF4B-00C04F79EFBC}") = "DataAccess", "DataAccess\DataAccess.csproj", "{FFA09A62-0DF9-49B8-BC2E-0B4B282D789C}"
EndProject
Project("{FAE04EC0-301F-11D3-BF4B-00C04F79EFBC}") = "Entity", "Entity\Entity.csproj", "{BC10F5ED-F4AE-40C4-9D5C-1E905955DACD}"
EndProject
Global
	GlobalSection(SolutionConfigurationPlatforms) = preSolution
		Debug|Any CPU = Debug|Any CPU
		Release|Any CPU = Release|Any CPU
	EndGlobalSection
	GlobalSection(ProjectConfigurationPlatforms) = postSolution
		{89B3B448-05C5-49A0-ABC3-95B127968D63}.Debug|Any CPU.ActiveCfg = Debug|Any CPU
		{89B3B448-05C5-49A0-ABC3-95B127968D63}.Debug|Any CPU.Build.0 = Debug|Any CPU
		{89B3B448-05C5-49A0-ABC3-95B127968D63}.Release|Any CPU.ActiveCfg = Release|Any CPU
		{89B3B448-05C5-49A0-ABC3-95B127968D63}.Release|Any CPU.Build.0 = Release|Any CPU
		{A24162B6-54BB-4C4F-B385-2852DC388560}.Debug|Any CPU.ActiveCfg = Debug|Any CPU
		{A24162B6-54BB-4C4F-B385-2852DC388560}.Debug|Any CPU.Build.0 = Debug|Any CPU
		{A24162B6-54BB-4C4F-B385-2852DC388560}.Release|Any CPU.ActiveCfg = Release|Any CPU
		{A24162B6-54BB-4C4F-B385-2852DC388560}.Release|Any CPU.Build.0 = Release|Any CPU
		{82E004D1-05A4-4A4B-9917-8F91EA47B879}.Debug|Any CPU.ActiveCfg = Debug|Any CPU
		{82E004D1-05A4-4A4B-9917-8F91EA47B879}.Debug|Any CPU.Build.0 = Debug|Any CPU
		{82E004D1-05A4-4A4B-9917-8F91EA47B879}.Release|Any CPU.ActiveCfg = Release|Any CPU
		{82E004D1-05A4-4A4B-9917-8F91EA47B879}.Release|Any CPU.Build.0 = Release|Any CPU
		{FFA09A62-0DF9-49B8-BC2E-0B4B282D789C}.Debug|Any CPU.ActiveCfg = Debug|Any CPU
		{FFA09A62-0DF9-49B8-BC2E-0B4B282D789C}.Debug|Any CPU.Build.0 = Debug|Any CPU
		{FFA09A62-0DF9-49B8-BC2E-0B4B282D789C}.Release|Any CPU.ActiveCfg = Release|Any CPU
		{FFA09A62-0DF9-49B8-BC2E-0B4B282D789C}.Release|Any CPU.Build.0 = Release|Any CPU
		{BC10F5ED-F4AE-40C4-9D5C-1E905955DACD}.Debug|Any CPU.ActiveCfg = Debug|Any CPU
		{BC10F5ED-F4AE-40C4-9D5C-1E905955DACD}.Debug|Any CPU.Build.0 = Debug|Any CPU
		{BC10F5ED-F4AE-40C4-9D5C-1E905955DACD}.Release|Any CPU.ActiveCfg = Release|Any CPU
		{BC10F5ED-F4AE-40C4-9D5C-1E905955DACD}.Release|Any CPU.Build.0 = Release|Any CPU
	EndGlobalSection
	GlobalSection(SolutionProperties) = preSolution
		HideSolutionNode = FALSE
	EndGlobalSection
	GlobalSection(NestedProjects) = preSolution
		{81A535AB-3BBE-42F7-9239-07C0EA385295} = {387785FE-B37F-4E10-92BE-779EBA720077}
		{89B3B448-05C5-49A0-ABC3-95B127968D63} = {F1C93401-7927-4C1E-95CB-E8EB200F4697}
		{A24162B6-54BB-4C4F-B385-2852DC388560} = {387785FE-B37F-4E10-92BE-779EBA720077}
		{82E004D1-05A4-4A4B-9917-8F91EA47B879} = {387785FE-B37F-4E10-92BE-779EBA720077}
		{FFA09A62-0DF9-49B8-BC2E-0B4B282D789C} = {387785FE-B37F-4E10-92BE-779EBA720077}
		{BC10F5ED-F4AE-40C4-9D5C-1E905955DACD} = {387785FE-B37F-4E10-92BE-779EBA720077}
	EndGlobalSection
EndGlobal
